
Microsoft Visual Studio Solution File, Format Version 12.00
# Visual Studio Version 16
VisualStudioVersion = 16.0.30002.166
MinimumVisualStudioVersion = 10.0.40219.1
Project("{FAE04EC0-301F-11D3-BF4B-00C04F79EFBC}") = "BOG", "BOG\BOG.csproj", "{7F07BFDD-BC90-442F-9638-823FE3B432DA}"
EndProject
Global
	GlobalSection(SolutionConfigurationPlatforms) = preSolution
		Debug|Any CPU = Debug|Any CPU
		Release|Any CPU = Release|Any CPU
	EndGlobalSection
	GlobalSection(ProjectConfigurationPlatforms) = postSolution
		{7F07BFDD-BC90-442F-9638-823FE3B432DA}.Debug|Any CPU.ActiveCfg = Debug|Any CPU
		{7F07BFDD-BC90-442F-9638-823FE3B432DA}.Debug|Any CPU.Build.0 = Debug|Any CPU
		{7F07BFDD-BC90-442F-9638-823FE3B432DA}.Release|Any CPU.ActiveCfg = Release|Any CPU
		{7F07BFDD-BC90-442F-9638-823FE3B432DA}.Release|Any CPU.Build.0 = Release|Any CPU
	EndGlobalSection
	GlobalSection(SolutionProperties) = preSolution
		HideSolutionNode = FALSE
	EndGlobalSection
	GlobalSection(ExtensibilityGlobals) = postSolution
		SolutionGuid = {FD507F58-AD42-407A-9797-E8AF7B4B17E0}
	EndGlobalSection
EndGlobal
